
Microsoft Visual Studio Solution File, Format Version 12.00
# Visual Studio Version 17
VisualStudioVersion = 17.9.34616.47
MinimumVisualStudioVersion = 10.0.40219.1
Project("{FAE04EC0-301F-11D3-BF4B-00C04F79EFBC}") = "SherplexTickets", "SherplexTickets\SherplexTickets.csproj", "{137A6E4B-DB00-4587-A5B7-A437DF60BB75}"
EndProject
Project("{FAE04EC0-301F-11D3-BF4B-00C04F79EFBC}") = "SherplexTickets.Core", "SherplexTickets.Core\SherplexTickets.Core.csproj", "{80B51397-BA59-4D19-970F-D4A96C4C6A82}"
EndProject
Project("{FAE04EC0-301F-11D3-BF4B-00C04F79EFBC}") = "SherplexTickets.Infrastructure", "SherplexTickets.Infrastructure\SherplexTickets.Infrastructure.csproj", "{F820DD9D-9109-4588-9BDA-98B9C88C3DBE}"
EndProject
Global
	GlobalSection(SolutionConfigurationPlatforms) = preSolution
		Debug|Any CPU = Debug|Any CPU
		Release|Any CPU = Release|Any CPU
	EndGlobalSection
	GlobalSection(ProjectConfigurationPlatforms) = postSolution
		{137A6E4B-DB00-4587-A5B7-A437DF60BB75}.Debug|Any CPU.ActiveCfg = Debug|Any CPU
		{137A6E4B-DB00-4587-A5B7-A437DF60BB75}.Debug|Any CPU.Build.0 = Debug|Any CPU
		{137A6E4B-DB00-4587-A5B7-A437DF60BB75}.Release|Any CPU.ActiveCfg = Release|Any CPU
		{137A6E4B-DB00-4587-A5B7-A437DF60BB75}.Release|Any CPU.Build.0 = Release|Any CPU
		{80B51397-BA59-4D19-970F-D4A96C4C6A82}.Debug|Any CPU.ActiveCfg = Debug|Any CPU
		{80B51397-BA59-4D19-970F-D4A96C4C6A82}.Debug|Any CPU.Build.0 = Debug|Any CPU
		{80B51397-BA59-4D19-970F-D4A96C4C6A82}.Release|Any CPU.ActiveCfg = Release|Any CPU
		{80B51397-BA59-4D19-970F-D4A96C4C6A82}.Release|Any CPU.Build.0 = Release|Any CPU
		{F820DD9D-9109-4588-9BDA-98B9C88C3DBE}.Debug|Any CPU.ActiveCfg = Debug|Any CPU
		{F820DD9D-9109-4588-9BDA-98B9C88C3DBE}.Debug|Any CPU.Build.0 = Debug|Any CPU
		{F820DD9D-9109-4588-9BDA-98B9C88C3DBE}.Release|Any CPU.ActiveCfg = Release|Any CPU
		{F820DD9D-9109-4588-9BDA-98B9C88C3DBE}.Release|Any CPU.Build.0 = Release|Any CPU
	EndGlobalSection
	GlobalSection(SolutionProperties) = preSolution
		HideSolutionNode = FALSE
	EndGlobalSection
	GlobalSection(ExtensibilityGlobals) = postSolution
		SolutionGuid = {0058BFFF-16EF-40FD-8A5A-ED9B0F72EA87}
	EndGlobalSection
EndGlobal
